// !$*UTF8*$!
{
	archiveVersion = 1;
	classes = {
	};
	objectVersion = 50;
	objects = {

/* Begin PBXBuildFile section */
		AB5F39B220BD0644004AE9AE /* AppDelegate.swift in Sources */ = {isa = PBXBuildFile; fileRef = AB5F39B120BD0644004AE9AE /* AppDelegate.swift */; };
		AB5F39B720BD0644004AE9AE /* Main.storyboard in Resources */ = {isa = PBXBuildFile; fileRef = AB5F39B520BD0644004AE9AE /* Main.storyboard */; };
		AB5F39B920BD0648004AE9AE /* Assets.xcassets in Resources */ = {isa = PBXBuildFile; fileRef = AB5F39B820BD0648004AE9AE /* Assets.xcassets */; };
		AB5F39BC20BD0648004AE9AE /* LaunchScreen.storyboard in Resources */ = {isa = PBXBuildFile; fileRef = AB5F39BA20BD0648004AE9AE /* LaunchScreen.storyboard */; };
		AB5F39C420BD0686004AE9AE /* BaseScreen.swift in Sources */ = {isa = PBXBuildFile; fileRef = AB5F39C320BD0686004AE9AE /* BaseScreen.swift */; };
		AB5F39C620BD0818004AE9AE /* SelectionScreen.swift in Sources */ = {isa = PBXBuildFile; fileRef = AB5F39C520BD0818004AE9AE /* SelectionScreen.swift */; };
/* End PBXBuildFile section */

/* Begin PBXFileReference section */
		AB5F39AE20BD0644004AE9AE /* DelegatesAndProtocol.app */ = {isa = PBXFileReference; explicitFileType = wrapper.application; includeInIndex = 0; path = DelegatesAndProtocol.app; sourceTree = BUILT_PRODUCTS_DIR; };
		AB5F39B120BD0644004AE9AE /* AppDelegate.swift */ = {isa = PBXFileReference; lastKnownFileType = sourcecode.swift; path = AppDelegate.swift; sourceTree = "<group>"; };
		AB5F39B620BD0644004AE9AE /* Base */ = {isa = PBXFileReference; lastKnownFileType = file.storyboard; name = Base; path = Base.lproj/Main.storyboard; sourceTree = "<group>"; };
		AB5F39B820BD0648004AE9AE /* Assets.xcassets */ = {isa = PBXFileReference; lastKnownFileType = folder.assetcatalog; path = Assets.xcassets; sourceTree = "<group>"; };
		AB5F39BB20BD0648004AE9AE /* Base */ = {isa = PBXFileReference; lastKnownFileType = file.storyboard; name = Base; path = Base.lproj/LaunchScreen.storyboard; sourceTree = "<group>"; };
		AB5F39BD20BD0648004AE9AE /* Info.plist */ = {isa = PBXFileReference; lastKnownFileType = text.plist.xml; path = Info.plist; sourceTree = "<group>"; };
		AB5F39C320BD0686004AE9AE /* BaseScreen.swift */ = {isa = PBXFileReference; lastKnownFileType = sourcecode.swift; path = BaseScreen.swift; sourceTree = "<group>"; };
		AB5F39C520BD0818004AE9AE /* SelectionScreen.swift */ = {isa = PBXFileReference; lastKnownFileType = sourcecode.swift; path = SelectionScreen.swift; sourceTree = "<group>"; };
		AB5F39C720BD0D0A004AE9AE /* Extensions.swift */ = {isa = PBXFileReference; lastKnownFileType = sourcecode.swift; name = Extensions.swift; path = ../../../Documents/TableViewExplorer/NameList/Extensions.swift; sourceTree = "<group>"; };
/* End PBXFileReference section */

/* Begin PBXFrameworksBuildPhase section */
		AB5F39AB20BD0644004AE9AE /* Frameworks */ = {
			isa = PBXFrameworksBuildPhase;
			buildActionMask = 2147483647;
			files = (
			);
			runOnlyForDeploymentPostprocessing = 0;
		};
/* End PBXFrameworksBuildPhase section */

/* Begin PBXGroup section */
		AB5F39A520BD0644004AE9AE = {
			isa = PBXGroup;
			children = (
				AB5F39B020BD0644004AE9AE /* DelegatesAndProtocol */,
				AB5F39AF20BD0644004AE9AE /* Products */,
			);
			sourceTree = "<group>";
		};
		AB5F39AF20BD0644004AE9AE /* Products */ = {
			isa = PBXGroup;
			children = (
				AB5F39AE20BD0644004AE9AE /* DelegatesAndProtocol.app */,
			);
			name = Products;
			sourceTree = "<group>";
		};
		AB5F39B020BD0644004AE9AE /* DelegatesAndProtocol */ = {
			isa = PBXGroup;
			children = (
				AB5F39B120BD0644004AE9AE /* AppDelegate.swift */,
				AB5F39B520BD0644004AE9AE /* Main.storyboard */,
				AB5F39B820BD0648004AE9AE /* Assets.xcassets */,
				AB5F39C720BD0D0A004AE9AE /* Extensions.swift */,
				AB5F39BA20BD0648004AE9AE /* LaunchScreen.storyboard */,
				AB5F39BD20BD0648004AE9AE /* Info.plist */,
				AB5F39C320BD0686004AE9AE /* BaseScreen.swift */,
				AB5F39C520BD0818004AE9AE /* SelectionScreen.swift */,
			);
			path = DelegatesAndProtocol;
			sourceTree = "<group>";
		};
/* End PBXGroup section */

/* Begin PBXNativeTarget section */
		AB5F39AD20BD0644004AE9AE /* DelegatesAndProtocol */ = {
			isa = PBXNativeTarget;
			buildConfigurationList = AB5F39C020BD0648004AE9AE /* Build configuration list for PBXNativeTarget "DelegatesAndProtocol" */;
			buildPhases = (
				AB5F39AA20BD0644004AE9AE /* Sources */,
				AB5F39AB20BD0644004AE9AE /* Frameworks */,
				AB5F39AC20BD0644004AE9AE /* Resources */,
			);
			buildRules = (
			);
			dependencies = (
			);
			name = DelegatesAndProtocol;
			productName = DelegatesAndProtocol;
			productReference = AB5F39AE20BD0644004AE9AE /* DelegatesAndProtocol.app */;
			productType = "com.apple.product-type.application";
		};
/* End PBXNativeTarget section */

/* Begin PBXProject section */
		AB5F39A620BD0644004AE9AE /* Project object */ = {
			isa = PBXProject;
			attributes = {
				LastSwiftUpdateCheck = 0930;
				LastUpgradeCheck = 0930;
				ORGANIZATIONNAME = shelly.gupta;
				TargetAttributes = {
					AB5F39AD20BD0644004AE9AE = {
						CreatedOnToolsVersion = 9.3;
					};
				};
			};
			buildConfigurationList = AB5F39A920BD0644004AE9AE /* Build configuration list for PBXProject "DelegatesAndProtocol" */;
			compatibilityVersion = "Xcode 9.3";
			developmentRegion = en;
			hasScannedForEncodings = 0;
			knownRegions = (
				en,
				Base,
			);
			mainGroup = AB5F39A520BD0644004AE9AE;
			productRefGroup = AB5F39AF20BD0644004AE9AE /* Products */;
			projectDirPath = "";
			projectRoot = "";
			targets = (
				AB5F39AD20BD0644004AE9AE /* DelegatesAndProtocol */,
			);
		};
/* End PBXProject section */

/* Begin PBXResourcesBuildPhase section */
		AB5F39AC20BD0644004AE9AE /* Resources */ = {
			isa = PBXResourcesBuildPhase;
			buildActionMask = 2147483647;
			files = (
				AB5F39BC20BD0648004AE9AE /* LaunchScreen.storyboard in Resources */,
				AB5F39B920BD0648004AE9AE /* Assets.xcassets in Resources */,
				AB5F39B720BD0644004AE9AE /* Main.storyboard in Resources */,
			);
			runOnlyForDeploymentPostprocessing = 0;
		};
/* End PBXResourcesBuildPhase section */

/* Begin PBXSourcesBuildPhase section */
		AB5F39AA20BD0644004AE9AE /* Sources */ = {
			isa = PBXSourcesBuildPhase;
			buildActionMask = 2147483647;
			files = (
				AB5F39C420BD0686004AE9AE /* BaseScreen.swift in Sources */,
				AB5F39B220BD0644004AE9AE /* AppDelegate.swift in Sources */,
				AB5F39C620BD0818004AE9AE /* SelectionScreen.swift in Sources */,
			);
			runOnlyForDeploymentPostprocessing = 0;
		};
/* End PBXSourcesBuildPhase section */

/* Begin PBXVariantGroup section */
		AB5F39B520BD0644004AE9AE /* Main.storyboard */ = {
			isa = PBXVariantGroup;
			children = (
				AB5F39B620BD0644004AE9AE /* Base */,
			);
			name = Main.storyboard;
			sourceTree = "<group>";
		};
		AB5F39BA20BD0648004AE9AE /* LaunchScreen.storyboard */ = {
			isa = PBXVariantGroup;
			children = (
				AB5F39BB20BD0648004AE9AE /* Base */,
			);
			name = LaunchScreen.storyboard;
			sourceTree = "<group>";
		};
/* End PBXVariantGroup section */

/* Begin XCBuildConfiguration section */
		AB5F39BE20BD0648004AE9AE /* Debug */ = {
			isa = XCBuildConfiguration;
			buildSettings = {
				ALWAYS_SEARCH_USER_PATHS = NO;
				CLANG_ANALYZER_NONNULL = YES;
				CLANG_ANALYZER_NUMBER_OBJECT_CONVERSION = YES_AGGRESSIVE;
				CLANG_CXX_LANGUAGE_STANDARD = "gnu++14";
				CLANG_CXX_LIBRARY = "libc++";
				CLANG_ENABLE_MODULES = YES;
				CLANG_ENABLE_OBJC_ARC = YES;
				CLANG_ENABLE_OBJC_WEAK = YES;
				CLANG_WARN_BLOCK_CAPTURE_AUTORELEASING = YES;
				CLANG_WARN_BOOL_CONVERSION = YES;
				CLANG_WARN_COMMA = YES;
				CLANG_WARN_CONSTANT_CONVERSION = YES;
				CLANG_WARN_DEPRECATED_OBJC_IMPLEMENTATIONS = YES;
				CLANG_WARN_DIRECT_OBJC_ISA_USAGE = YES_ERROR;
				CLANG_WARN_DOCUMENTATION_COMMENTS = YES;
				CLANG_WARN_EMPTY_BODY = YES;
				CLANG_WARN_ENUM_CONVERSION = YES;
				CLANG_WARN_INFINITE_RECURSION = YES;
				CLANG_WARN_INT_CONVERSION = YES;
				CLANG_WARN_NON_LITERAL_NULL_CONVERSION = YES;
				CLANG_WARN_OBJC_IMPLICIT_RETAIN_SELF = YES;
				CLANG_WARN_OBJC_LITERAL_CONVERSION = YES;
				CLANG_WARN_OBJC_ROOT_CLASS = YES_ERROR;
				CLANG_WARN_RANGE_LOOP_ANALYSIS = YES;
				CLANG_WARN_STRICT_PROTOTYPES = YES;
				CLANG_WARN_SUSPICIOUS_MOVE = YES;
				CLANG_WARN_UNGUARDED_AVAILABILITY = YES_AGGRESSIVE;
				CLANG_WARN_UNREACHABLE_CODE = YES;
				CLANG_WARN__DUPLICATE_METHOD_MATCH = YES;
				CODE_SIGN_IDENTITY = "iPhone Developer";
				COPY_PHASE_STRIP = NO;
				DEBUG_INFORMATION_FORMAT = dwarf;
				ENABLE_STRICT_OBJC_MSGSEND = YES;
				ENABLE_TESTABILITY = YES;
				GCC_C_LANGUAGE_STANDARD = gnu11;
				GCC_DYNAMIC_NO_PIC = NO;
				GCC_NO_COMMON_BLOCKS = YES;
				GCC_OPTIMIZATION_LEVEL = 0;
				GCC_PREPROCESSOR_DEFINITIONS = (
					"DEBUG=1",
					"$(inherited)",
				);
				GCC_WARN_64_TO_32_BIT_CONVERSION = YES;
				GCC_WARN_ABOUT_RETURN_TYPE = YES_ERROR;
				GCC_WARN_UNDECLARED_SELECTOR = YES;
				GCC_WARN_UNINITIALIZED_AUTOS = YES_AGGRESSIVE;
				GCC_WARN_UNUSED_FUNCTION = YES;
				GCC_WARN_UNUSED_VARIABLE = YES;
				IPHONEOS_DEPLOYMENT_TARGET = 11.3;
				MTL_ENABLE_DEBUG_INFO = YES;
				ONLY_ACTIVE_ARCH = YES;
				SDKROOT = iphoneos;
				SWIFT_ACTIVE_COMPILATION_CONDITIONS = DEBUG;
				SWIFT_OPTIMIZATION_LEVEL = "-Onone";
			};
			name = Debug;
		};
		AB5F39BF20BD0648004AE9AE /* Release */ = {
			isa = XCBuildConfiguration;
			buildSettings = {
				ALWAYS_SEARCH_USER_PATHS = NO;
				CLANG_ANALYZER_NONNULL = YES;
				CLANG_ANALYZER_NUMBER_OBJECT_CONVERSION = YES_AGGRESSIVE;
				CLANG_CXX_LANGUAGE_STANDARD = "gnu++14";
				CLANG_CXX_LIBRARY = "libc++";
				CLANG_ENABLE_MODULES = YES;
				CLANG_ENABLE_OBJC_ARC = YES;
				CLANG_ENABLE_OBJC_WEAK = YES;
				CLANG_WARN_BLOCK_CAPTURE_AUTORELEASING = YES;
				CLANG_WARN_BOOL_CONVERSION = YES;
				CLANG_WARN_COMMA = YES;
				CLANG_WARN_CONSTANT_CONVERSION = YES;
				CLANG_WARN_DEPRECATED_OBJC_IMPLEMENTATIONS = YES;
				CLANG_WARN_DIRECT_OBJC_ISA_USAGE = YES_ERROR;
				CLANG_WARN_DOCUMENTATION_COMMENTS = YES;
				CLANG_WARN_EMPTY_BODY = YES;
				CLANG_WARN_ENUM_CONVERSION = YES;
				CLANG_WARN_INFINITE_RECURSION = YES;
				CLANG_WARN_INT_CONVERSION = YES;
				CLANG_WARN_NON_LITERAL_NULL_CONVERSION = YES;
				CLANG_WARN_OBJC_IMPLICIT_RETAIN_SELF = YES;
				CLANG_WARN_OBJC_LITERAL_CONVERSION = YES;
				CLANG_WARN_OBJC_ROOT_CLASS = YES_ERROR;
				CLANG_WARN_RANGE_LOOP_ANALYSIS = YES;
				CLANG_WARN_STRICT_PROTOTYPES = YES;
				CLANG_WARN_SUSPICIOUS_MOVE = YES;
				CLANG_WARN_UNGUARDED_AVAILABILITY = YES_AGGRESSIVE;
				CLANG_WARN_UNREACHABLE_CODE = YES;
				CLANG_WARN__DUPLICATE_METHOD_MATCH = YES;
				CODE_SIGN_IDENTITY = "iPhone Developer";
				COPY_PHASE_STRIP = NO;
				DEBUG_INFORMATION_FORMAT = "dwarf-with-dsym";
				ENABLE_NS_ASSERTIONS = NO;
				ENABLE_STRICT_OBJC_MSGSEND = YES;
				GCC_C_LANGUAGE_STANDARD = gnu11;
				GCC_NO_COMMON_BLOCKS = YES;
				GCC_WARN_64_TO_32_BIT_CONVERSION = YES;
				GCC_WARN_ABOUT_RETURN_TYPE = YES_ERROR;
				GCC_WARN_UNDECLARED_SELECTOR = YES;
				GCC_WARN_UNINITIALIZED_AUTOS = YES_AGGRESSIVE;
				GCC_WARN_UNUSED_FUNCTION = YES;
				GCC_WARN_UNUSED_VARIABLE = YES;
				IPHONEOS_DEPLOYMENT_TARGET = 11.3;
				MTL_ENABLE_DEBUG_INFO = NO;
				SDKROOT = iphoneos;
				SWIFT_COMPILATION_MODE = wholemodule;
				SWIFT_OPTIMIZATION_LEVEL = "-O";
				VALIDATE_PRODUCT = YES;
			};
			name = Release;
		};
		AB5F39C120BD0648004AE9AE /* Debug */ = {
			isa = XCBuildConfiguration;
			buildSettings = {
				ASSETCATALOG_COMPILER_APPICON_NAME = AppIcon;
				CODE_SIGN_STYLE = Automatic;
				INFOPLIST_FILE = DelegatesAndProtocol/Info.plist;
				LD_RUNPATH_SEARCH_PATHS = (
					"$(inherited)",
					"@executable_path/Frameworks",
				);
				PRODUCT_BUNDLE_IDENTIFIER = shelly.gupta.DelegatesAndProtocol;
				PRODUCT_NAME = "$(TARGET_NAME)";
				SWIFT_VERSION = 4.0;
				TARGETED_DEVICE_FAMILY = "1,2";
			};
			name = Debug;
		};
		AB5F39C220BD0648004AE9AE /* Release */ = {
			isa = XCBuildConfiguration;
			buildSettings = {
				ASSETCATALOG_COMPILER_APPICON_NAME = AppIcon;
				CODE_SIGN_STYLE = Automatic;
				INFOPLIST_FILE = DelegatesAndProtocol/Info.plist;
				LD_RUNPATH_SEARCH_PATHS = (
					"$(inherited)",
					"@executable_path/Frameworks",
				);
				PRODUCT_BUNDLE_IDENTIFIER = shelly.gupta.DelegatesAndProtocol;
				PRODUCT_NAME = "$(TARGET_NAME)";
				SWIFT_VERSION = 4.0;
				TARGETED_DEVICE_FAMILY = "1,2";
			};
			name = Release;
		};
/* End XCBuildConfiguration section */

/* Begin XCConfigurationList section */
		AB5F39A920BD0644004AE9AE /* Build configuration list for PBXProject "DelegatesAndProtocol" */ = {
			isa = XCConfigurationList;
			buildConfigurations = (
				AB5F39BE20BD0648004AE9AE /* Debug */,
				AB5F39BF20BD0648004AE9AE /* Release */,
			);
			defaultConfigurationIsVisible = 0;
			defaultConfigurationName = Release;
		};
		AB5F39C020BD0648004AE9AE /* Build configuration list for PBXNativeTarget "DelegatesAndProtocol" */ = {
			isa = XCConfigurationList;
			buildConfigurations = (
				AB5F39C120BD0648004AE9AE /* Debug */,
				AB5F39C220BD0648004AE9AE /* Release */,
			);
			defaultConfigurationIsVisible = 0;
			defaultConfigurationName = Release;
		};
/* End XCConfigurationList section */
	};
	rootObject = AB5F39A620BD0644004AE9AE /* Project object */;
}
